
Microsoft Visual Studio Solution File, Format Version 12.00
# Visual Studio Version 17
VisualStudioVersion = 17.14.36811.4 d17.14
MinimumVisualStudioVersion = 10.0.40219.1
Project("{FAE04EC0-301F-11D3-BF4B-00C04F79EFBC}") = "FileAlbero", "FileAlbero\FileAlbero.csproj", "{E5DCB006-344B-42CA-8BCC-5EB8BD9F5ACB}"
EndProject
Global
	GlobalSection(SolutionConfigurationPlatforms) = preSolution
		Debug|Any CPU = Debug|Any CPU
		Release|Any CPU = Release|Any CPU
	EndGlobalSection
	GlobalSection(ProjectConfigurationPlatforms) = postSolution
		{E5DCB006-344B-42CA-8BCC-5EB8BD9F5ACB}.Debug|Any CPU.ActiveCfg = Debug|Any CPU
		{E5DCB006-344B-42CA-8BCC-5EB8BD9F5ACB}.Debug|Any CPU.Build.0 = Debug|Any CPU
		{E5DCB006-344B-42CA-8BCC-5EB8BD9F5ACB}.Release|Any CPU.ActiveCfg = Release|Any CPU
		{E5DCB006-344B-42CA-8BCC-5EB8BD9F5ACB}.Release|Any CPU.Build.0 = Release|Any CPU
	EndGlobalSection
	GlobalSection(SolutionProperties) = preSolution
		HideSolutionNode = FALSE
	EndGlobalSection
	GlobalSection(ExtensibilityGlobals) = postSolution
		SolutionGuid = {DF470183-0834-40C9-8CB0-176352F7D502}
	EndGlobalSection
EndGlobal
